
Microsoft Visual Studio Solution File, Format Version 12.00
# Visual Studio 14
VisualStudioVersion = 14.0.25420.1
MinimumVisualStudioVersion = 10.0.40219.1
Project("{2150E333-8FDC-42A3-9474-1A3956D46DE8}") = "Solution Items", "Solution Items", "{660406F8-9991-484F-B375-04BD0B3FF917}"
	ProjectSection(SolutionItems) = preProject
		appveyor.yml = appveyor.yml
		GitVersion.yml = GitVersion.yml
		global.json = global.json
		README.md = README.md
	EndProjectSection
EndProject
Project("{2150E333-8FDC-42A3-9474-1A3956D46DE8}") = "src", "src", "{4AB0291F-E60C-4168-9968-52BCD2369A65}"
EndProject
Project("{2150E333-8FDC-42A3-9474-1A3956D46DE8}") = "tests", "tests", "{43F09060-A65A-4B48-B7E0-18CD8429A236}"
EndProject
Project("{8BB2217D-0F2D-49D1-97BC-3654ED321F3B}") = "LicenseMonitoringSystem.Core", "src\Core\LicenseMonitoringSystem.Core.xproj", "{1ABF7DAE-0C38-4B8F-B372-40223E7FEA11}"
EndProject
Project("{8BB2217D-0F2D-49D1-97BC-3654ED321F3B}") = "LicenseMonitoringSystem.Service", "src\Service\LicenseMonitoringSystem.Service.xproj", "{9FE5D2BA-A040-47AF-AEC9-446AD47D11FF}"
EndProject
Project("{8BB2217D-0F2D-49D1-97BC-3654ED321F3B}") = "LicenseMonitoringSystem.Console", "src\Console\LicenseMonitoringSystem.Console.xproj", "{D4788119-2ECD-44A8-92B3-45C3441334E4}"
EndProject
Project("{930C7802-8A8C-48F9-8165-68863BCCD9DD}") = "LicenseMonitoringSystem.Installer", "src\Installer\LicenseMonitoringSystem.Installer.wixproj", "{F67157C2-9193-44EE-8B67-BE1CCF987D9D}"
EndProject
Project("{930C7802-8A8C-48F9-8165-68863BCCD9DD}") = "LicenseMonitoringSystem.Bootstrapper", "src\Bootstrapper\LicenseMonitoringSystem.Bootstrapper.wixproj", "{DC9C2849-4C97-4F41-9174-D825AB335F9C}"
EndProject
Project("{8BB2217D-0F2D-49D1-97BC-3654ED321F3B}") = "LicenseMonitoringSystem.Tests", "tests\LicenseMonitoringSystem.Tests\LicenseMonitoringSystem.Tests.xproj", "{2E512E4D-C6CB-4FE7-9854-BB2E71CF104E}"
EndProject
Project("{2150E333-8FDC-42A3-9474-1A3956D46DE8}") = "Resources", "Resources", "{91A8AE4E-5DA8-4C01-93B4-C0F4F2E35560}"
EndProject
Project("{2150E333-8FDC-42A3-9474-1A3956D46DE8}") = "DotNetFramework", "DotNetFramework", "{C12F854B-AAF5-4497-B80C-3FF43DB1F610}"
	ProjectSection(SolutionItems) = preProject
		src\Resources\DotNetFramework\NDP452-KB2901907-x86-x64-AllOS-ENU.exe = src\Resources\DotNetFramework\NDP452-KB2901907-x86-x64-AllOS-ENU.exe
	EndProjectSection
EndProject
Global
	GlobalSection(SolutionConfigurationPlatforms) = preSolution
		Debug|Any CPU = Debug|Any CPU
		Debug|x64 = Debug|x64
		Debug|x86 = Debug|x86
		Release|Any CPU = Release|Any CPU
		Release|x64 = Release|x64
		Release|x86 = Release|x86
	EndGlobalSection
	GlobalSection(ProjectConfigurationPlatforms) = postSolution
		{1ABF7DAE-0C38-4B8F-B372-40223E7FEA11}.Debug|Any CPU.ActiveCfg = Debug|Any CPU
		{1ABF7DAE-0C38-4B8F-B372-40223E7FEA11}.Debug|Any CPU.Build.0 = Debug|Any CPU
		{1ABF7DAE-0C38-4B8F-B372-40223E7FEA11}.Debug|x64.ActiveCfg = Debug|Any CPU
		{1ABF7DAE-0C38-4B8F-B372-40223E7FEA11}.Debug|x64.Build.0 = Debug|Any CPU
		{1ABF7DAE-0C38-4B8F-B372-40223E7FEA11}.Debug|x86.ActiveCfg = Debug|Any CPU
		{1ABF7DAE-0C38-4B8F-B372-40223E7FEA11}.Debug|x86.Build.0 = Debug|Any CPU
		{1ABF7DAE-0C38-4B8F-B372-40223E7FEA11}.Release|Any CPU.ActiveCfg = Release|Any CPU
		{1ABF7DAE-0C38-4B8F-B372-40223E7FEA11}.Release|Any CPU.Build.0 = Release|Any CPU
		{1ABF7DAE-0C38-4B8F-B372-40223E7FEA11}.Release|x64.ActiveCfg = Release|Any CPU
		{1ABF7DAE-0C38-4B8F-B372-40223E7FEA11}.Release|x64.Build.0 = Release|Any CPU
		{1ABF7DAE-0C38-4B8F-B372-40223E7FEA11}.Release|x86.ActiveCfg = Release|Any CPU
		{1ABF7DAE-0C38-4B8F-B372-40223E7FEA11}.Release|x86.Build.0 = Release|Any CPU
		{9FE5D2BA-A040-47AF-AEC9-446AD47D11FF}.Debug|Any CPU.ActiveCfg = Debug|Any CPU
		{9FE5D2BA-A040-47AF-AEC9-446AD47D11FF}.Debug|Any CPU.Build.0 = Debug|Any CPU
		{9FE5D2BA-A040-47AF-AEC9-446AD47D11FF}.Debug|x64.ActiveCfg = Debug|Any CPU
		{9FE5D2BA-A040-47AF-AEC9-446AD47D11FF}.Debug|x64.Build.0 = Debug|Any CPU
		{9FE5D2BA-A040-47AF-AEC9-446AD47D11FF}.Debug|x86.ActiveCfg = Debug|Any CPU
		{9FE5D2BA-A040-47AF-AEC9-446AD47D11FF}.Debug|x86.Build.0 = Debug|Any CPU
		{9FE5D2BA-A040-47AF-AEC9-446AD47D11FF}.Release|Any CPU.ActiveCfg = Release|Any CPU
		{9FE5D2BA-A040-47AF-AEC9-446AD47D11FF}.Release|Any CPU.Build.0 = Release|Any CPU
		{9FE5D2BA-A040-47AF-AEC9-446AD47D11FF}.Release|x64.ActiveCfg = Release|Any CPU
		{9FE5D2BA-A040-47AF-AEC9-446AD47D11FF}.Release|x64.Build.0 = Release|Any CPU
		{9FE5D2BA-A040-47AF-AEC9-446AD47D11FF}.Release|x86.ActiveCfg = Release|Any CPU
		{9FE5D2BA-A040-47AF-AEC9-446AD47D11FF}.Release|x86.Build.0 = Release|Any CPU
		{D4788119-2ECD-44A8-92B3-45C3441334E4}.Debug|Any CPU.ActiveCfg = Debug|Any CPU
		{D4788119-2ECD-44A8-92B3-45C3441334E4}.Debug|Any CPU.Build.0 = Debug|Any CPU
		{D4788119-2ECD-44A8-92B3-45C3441334E4}.Debug|x64.ActiveCfg = Debug|Any CPU
		{D4788119-2ECD-44A8-92B3-45C3441334E4}.Debug|x64.Build.0 = Debug|Any CPU
		{D4788119-2ECD-44A8-92B3-45C3441334E4}.Debug|x86.ActiveCfg = Debug|Any CPU
		{D4788119-2ECD-44A8-92B3-45C3441334E4}.Debug|x86.Build.0 = Debug|Any CPU
		{D4788119-2ECD-44A8-92B3-45C3441334E4}.Release|Any CPU.ActiveCfg = Release|Any CPU
		{D4788119-2ECD-44A8-92B3-45C3441334E4}.Release|Any CPU.Build.0 = Release|Any CPU
		{D4788119-2ECD-44A8-92B3-45C3441334E4}.Release|x64.ActiveCfg = Release|Any CPU
		{D4788119-2ECD-44A8-92B3-45C3441334E4}.Release|x64.Build.0 = Release|Any CPU
		{D4788119-2ECD-44A8-92B3-45C3441334E4}.Release|x86.ActiveCfg = Release|Any CPU
		{D4788119-2ECD-44A8-92B3-45C3441334E4}.Release|x86.Build.0 = Release|Any CPU
		{F67157C2-9193-44EE-8B67-BE1CCF987D9D}.Debug|Any CPU.ActiveCfg = Debug|x86
		{F67157C2-9193-44EE-8B67-BE1CCF987D9D}.Debug|x64.ActiveCfg = Debug|x86
		{F67157C2-9193-44EE-8B67-BE1CCF987D9D}.Debug|x86.ActiveCfg = Debug|x86
		{F67157C2-9193-44EE-8B67-BE1CCF987D9D}.Debug|x86.Build.0 = Debug|x86
		{F67157C2-9193-44EE-8B67-BE1CCF987D9D}.Release|Any CPU.ActiveCfg = Release|x86
		{F67157C2-9193-44EE-8B67-BE1CCF987D9D}.Release|x64.ActiveCfg = Release|x86
		{F67157C2-9193-44EE-8B67-BE1CCF987D9D}.Release|x86.ActiveCfg = Release|x86
		{F67157C2-9193-44EE-8B67-BE1CCF987D9D}.Release|x86.Build.0 = Release|x86
		{DC9C2849-4C97-4F41-9174-D825AB335F9C}.Debug|Any CPU.ActiveCfg = Debug|x86
		{DC9C2849-4C97-4F41-9174-D825AB335F9C}.Debug|x64.ActiveCfg = Debug|x86
		{DC9C2849-4C97-4F41-9174-D825AB335F9C}.Debug|x86.ActiveCfg = Debug|x86
		{DC9C2849-4C97-4F41-9174-D825AB335F9C}.Debug|x86.Build.0 = Debug|x86
		{DC9C2849-4C97-4F41-9174-D825AB335F9C}.Release|Any CPU.ActiveCfg = Release|x86
		{DC9C2849-4C97-4F41-9174-D825AB335F9C}.Release|x64.ActiveCfg = Release|x86
		{DC9C2849-4C97-4F41-9174-D825AB335F9C}.Release|x86.ActiveCfg = Release|x86
		{DC9C2849-4C97-4F41-9174-D825AB335F9C}.Release|x86.Build.0 = Release|x86
		{2E512E4D-C6CB-4FE7-9854-BB2E71CF104E}.Debug|Any CPU.ActiveCfg = Debug|Any CPU
		{2E512E4D-C6CB-4FE7-9854-BB2E71CF104E}.Debug|Any CPU.Build.0 = Debug|Any CPU
		{2E512E4D-C6CB-4FE7-9854-BB2E71CF104E}.Debug|x64.ActiveCfg = Debug|Any CPU
		{2E512E4D-C6CB-4FE7-9854-BB2E71CF104E}.Debug|x64.Build.0 = Debug|Any CPU
		{2E512E4D-C6CB-4FE7-9854-BB2E71CF104E}.Debug|x86.ActiveCfg = Debug|Any CPU
		{2E512E4D-C6CB-4FE7-9854-BB2E71CF104E}.Debug|x86.Build.0 = Debug|Any CPU
		{2E512E4D-C6CB-4FE7-9854-BB2E71CF104E}.Release|Any CPU.ActiveCfg = Release|Any CPU
		{2E512E4D-C6CB-4FE7-9854-BB2E71CF104E}.Release|Any CPU.Build.0 = Release|Any CPU
		{2E512E4D-C6CB-4FE7-9854-BB2E71CF104E}.Release|x64.ActiveCfg = Release|Any CPU
		{2E512E4D-C6CB-4FE7-9854-BB2E71CF104E}.Release|x64.Build.0 = Release|Any CPU
		{2E512E4D-C6CB-4FE7-9854-BB2E71CF104E}.Release|x86.ActiveCfg = Release|Any CPU
		{2E512E4D-C6CB-4FE7-9854-BB2E71CF104E}.Release|x86.Build.0 = Release|Any CPU
	EndGlobalSection
	GlobalSection(SolutionProperties) = preSolution
		HideSolutionNode = FALSE
	EndGlobalSection
	GlobalSection(NestedProjects) = preSolution
		{1ABF7DAE-0C38-4B8F-B372-40223E7FEA11} = {4AB0291F-E60C-4168-9968-52BCD2369A65}
		{9FE5D2BA-A040-47AF-AEC9-446AD47D11FF} = {4AB0291F-E60C-4168-9968-52BCD2369A65}
		{D4788119-2ECD-44A8-92B3-45C3441334E4} = {4AB0291F-E60C-4168-9968-52BCD2369A65}
		{F67157C2-9193-44EE-8B67-BE1CCF987D9D} = {4AB0291F-E60C-4168-9968-52BCD2369A65}
		{DC9C2849-4C97-4F41-9174-D825AB335F9C} = {4AB0291F-E60C-4168-9968-52BCD2369A65}
		{2E512E4D-C6CB-4FE7-9854-BB2E71CF104E} = {43F09060-A65A-4B48-B7E0-18CD8429A236}
		{91A8AE4E-5DA8-4C01-93B4-C0F4F2E35560} = {4AB0291F-E60C-4168-9968-52BCD2369A65}
		{C12F854B-AAF5-4497-B80C-3FF43DB1F610} = {91A8AE4E-5DA8-4C01-93B4-C0F4F2E35560}
	EndGlobalSection
EndGlobal
