
Microsoft Visual Studio Solution File, Format Version 12.00
# Visual Studio 15
VisualStudioVersion = 15.0.27130.2024
MinimumVisualStudioVersion = 10.0.40219.1
Project("{2150E333-8FDC-42A3-9474-1A3956D46DE8}") = "Solution Items", "Solution Items", "{660406F8-9991-484F-B375-04BD0B3FF917}"
	ProjectSection(SolutionItems) = preProject
		..\.gitignore = ..\.gitignore
		..\build.ps1 = ..\build.ps1
		..\CHANGELOG.md = ..\CHANGELOG.md
		..\GitHubReleaseManager.yaml = ..\GitHubReleaseManager.yaml
		..\GitVersion.yml = ..\GitVersion.yml
		..\README.md = ..\README.md
		..\recipe.cake = ..\recipe.cake
		..\ReleaseNotes.md = ..\ReleaseNotes.md
	EndProjectSection
EndProject
Project("{2150E333-8FDC-42A3-9474-1A3956D46DE8}") = "src", "src", "{4AB0291F-E60C-4168-9968-52BCD2369A65}"
	ProjectSection(SolutionItems) = preProject
		SolutionInfo.cs = SolutionInfo.cs
	EndProjectSection
EndProject
Project("{2150E333-8FDC-42A3-9474-1A3956D46DE8}") = "tests", "tests", "{43F09060-A65A-4B48-B7E0-18CD8429A236}"
EndProject
Project("{2150E333-8FDC-42A3-9474-1A3956D46DE8}") = "tools", "tools", "{17B86A6B-C865-4931-8154-E2CCB28DCC5F}"
	ProjectSection(SolutionItems) = preProject
		..\tools\packages.config = ..\tools\packages.config
	EndProjectSection
EndProject
Project("{2150E333-8FDC-42A3-9474-1A3956D46DE8}") = "Resources", "Resources", "{1698522A-4E91-4B2E-A688-E1693021AFDE}"
EndProject
Project("{2150E333-8FDC-42A3-9474-1A3956D46DE8}") = "DotNetFramework", "DotNetFramework", "{F6FEB52F-E2AB-4517-8161-D22DE634F926}"
	ProjectSection(SolutionItems) = preProject
		Resources\DotNetFramework\NDP452-KB2901954-Web.exe = Resources\DotNetFramework\NDP452-KB2901954-Web.exe
	EndProjectSection
EndProject
Project("{2150E333-8FDC-42A3-9474-1A3956D46DE8}") = "SQLCompact", "SQLCompact", "{3D72B542-2480-4547-9F1F-AFEB02985684}"
	ProjectSection(SolutionItems) = preProject
		Resources\SQLCompact\SSCERuntime_x64-ENU.exe = Resources\SQLCompact\SSCERuntime_x64-ENU.exe
		Resources\SQLCompact\SSCERuntime_x86-ENU.exe = Resources\SQLCompact\SSCERuntime_x86-ENU.exe
	EndProjectSection
EndProject
Project("{FAE04EC0-301F-11D3-BF4B-00C04F79EFBC}") = "LMS.Core", "LMS.Core\LMS.Core.csproj", "{18205D90-CAF5-4A13-B186-540F21221682}"
EndProject
Project("{FAE04EC0-301F-11D3-BF4B-00C04F79EFBC}") = "LMS.EntityFramework", "LMS.EntityFramework\LMS.EntityFramework.csproj", "{0CA63673-53D5-4988-8596-F0E6BE2C7716}"
EndProject
Project("{FAE04EC0-301F-11D3-BF4B-00C04F79EFBC}") = "LMS.Service", "LMS.Service\LMS.Service.csproj", "{B214DFB9-448C-477B-A173-F1E29939271D}"
EndProject
Project("{FAE04EC0-301F-11D3-BF4B-00C04F79EFBC}") = "LMS.Assistant", "LMS.Assistant\LMS.Assistant.csproj", "{6C453AD2-DF40-458A-AC4B-059B005A4834}"
EndProject
Project("{FAE04EC0-301F-11D3-BF4B-00C04F79EFBC}") = "LMS.Installer", "LMS.Installer\LMS.Installer.csproj", "{44555887-C439-470C-944D-8866EC3D7067}"
	ProjectSection(ProjectDependencies) = postProject
		{B214DFB9-448C-477B-A173-F1E29939271D} = {B214DFB9-448C-477B-A173-F1E29939271D}
		{A17FAFBD-D442-4B96-8DF1-7AB03ED3ED54} = {A17FAFBD-D442-4B96-8DF1-7AB03ED3ED54}
	EndProjectSection
EndProject
Project("{FAE04EC0-301F-11D3-BF4B-00C04F79EFBC}") = "LMS.Tests", "..\tests\LMS.Tests\LMS.Tests.csproj", "{8EA6219C-3A2B-4D2E-9705-ACB018D4C8ED}"
EndProject
Project("{FAE04EC0-301F-11D3-BF4B-00C04F79EFBC}") = "LMS.Deploy", "..\tools\LMS.Deploy\LMS.Deploy.csproj", "{69CCAFA7-0EE6-4260-BA09-E1D1BFD510D2}"
EndProject
Project("{FAE04EC0-301F-11D3-BF4B-00C04F79EFBC}") = "LMS.Gui", "LMS.Gui\LMS.Gui.csproj", "{A17FAFBD-D442-4B96-8DF1-7AB03ED3ED54}"
EndProject
Global
	GlobalSection(SolutionConfigurationPlatforms) = preSolution
		Debug|Any CPU = Debug|Any CPU
		Debug|x64 = Debug|x64
		Debug|x86 = Debug|x86
		Release|Any CPU = Release|Any CPU
		Release|x64 = Release|x64
		Release|x86 = Release|x86
	EndGlobalSection
	GlobalSection(ProjectConfigurationPlatforms) = postSolution
		{18205D90-CAF5-4A13-B186-540F21221682}.Debug|Any CPU.ActiveCfg = Debug|Any CPU
		{18205D90-CAF5-4A13-B186-540F21221682}.Debug|Any CPU.Build.0 = Debug|Any CPU
		{18205D90-CAF5-4A13-B186-540F21221682}.Debug|x64.ActiveCfg = Debug|Any CPU
		{18205D90-CAF5-4A13-B186-540F21221682}.Debug|x64.Build.0 = Debug|Any CPU
		{18205D90-CAF5-4A13-B186-540F21221682}.Debug|x86.ActiveCfg = Debug|Any CPU
		{18205D90-CAF5-4A13-B186-540F21221682}.Debug|x86.Build.0 = Debug|Any CPU
		{18205D90-CAF5-4A13-B186-540F21221682}.Release|Any CPU.ActiveCfg = Release|Any CPU
		{18205D90-CAF5-4A13-B186-540F21221682}.Release|Any CPU.Build.0 = Release|Any CPU
		{18205D90-CAF5-4A13-B186-540F21221682}.Release|x64.ActiveCfg = Release|Any CPU
		{18205D90-CAF5-4A13-B186-540F21221682}.Release|x64.Build.0 = Release|Any CPU
		{18205D90-CAF5-4A13-B186-540F21221682}.Release|x86.ActiveCfg = Release|Any CPU
		{18205D90-CAF5-4A13-B186-540F21221682}.Release|x86.Build.0 = Release|Any CPU
		{0CA63673-53D5-4988-8596-F0E6BE2C7716}.Debug|Any CPU.ActiveCfg = Debug|Any CPU
		{0CA63673-53D5-4988-8596-F0E6BE2C7716}.Debug|Any CPU.Build.0 = Debug|Any CPU
		{0CA63673-53D5-4988-8596-F0E6BE2C7716}.Debug|x64.ActiveCfg = Debug|Any CPU
		{0CA63673-53D5-4988-8596-F0E6BE2C7716}.Debug|x64.Build.0 = Debug|Any CPU
		{0CA63673-53D5-4988-8596-F0E6BE2C7716}.Debug|x86.ActiveCfg = Debug|Any CPU
		{0CA63673-53D5-4988-8596-F0E6BE2C7716}.Debug|x86.Build.0 = Debug|Any CPU
		{0CA63673-53D5-4988-8596-F0E6BE2C7716}.Release|Any CPU.ActiveCfg = Release|Any CPU
		{0CA63673-53D5-4988-8596-F0E6BE2C7716}.Release|Any CPU.Build.0 = Release|Any CPU
		{0CA63673-53D5-4988-8596-F0E6BE2C7716}.Release|x64.ActiveCfg = Release|Any CPU
		{0CA63673-53D5-4988-8596-F0E6BE2C7716}.Release|x64.Build.0 = Release|Any CPU
		{0CA63673-53D5-4988-8596-F0E6BE2C7716}.Release|x86.ActiveCfg = Release|Any CPU
		{0CA63673-53D5-4988-8596-F0E6BE2C7716}.Release|x86.Build.0 = Release|Any CPU
		{B214DFB9-448C-477B-A173-F1E29939271D}.Debug|Any CPU.ActiveCfg = Debug|Any CPU
		{B214DFB9-448C-477B-A173-F1E29939271D}.Debug|Any CPU.Build.0 = Debug|Any CPU
		{B214DFB9-448C-477B-A173-F1E29939271D}.Debug|x64.ActiveCfg = Debug|Any CPU
		{B214DFB9-448C-477B-A173-F1E29939271D}.Debug|x64.Build.0 = Debug|Any CPU
		{B214DFB9-448C-477B-A173-F1E29939271D}.Debug|x86.ActiveCfg = Debug|Any CPU
		{B214DFB9-448C-477B-A173-F1E29939271D}.Debug|x86.Build.0 = Debug|Any CPU
		{B214DFB9-448C-477B-A173-F1E29939271D}.Release|Any CPU.ActiveCfg = Release|Any CPU
		{B214DFB9-448C-477B-A173-F1E29939271D}.Release|Any CPU.Build.0 = Release|Any CPU
		{B214DFB9-448C-477B-A173-F1E29939271D}.Release|x64.ActiveCfg = Release|Any CPU
		{B214DFB9-448C-477B-A173-F1E29939271D}.Release|x64.Build.0 = Release|Any CPU
		{B214DFB9-448C-477B-A173-F1E29939271D}.Release|x86.ActiveCfg = Release|Any CPU
		{B214DFB9-448C-477B-A173-F1E29939271D}.Release|x86.Build.0 = Release|Any CPU
		{6C453AD2-DF40-458A-AC4B-059B005A4834}.Debug|Any CPU.ActiveCfg = Debug|Any CPU
		{6C453AD2-DF40-458A-AC4B-059B005A4834}.Debug|Any CPU.Build.0 = Debug|Any CPU
		{6C453AD2-DF40-458A-AC4B-059B005A4834}.Debug|x64.ActiveCfg = Debug|Any CPU
		{6C453AD2-DF40-458A-AC4B-059B005A4834}.Debug|x64.Build.0 = Debug|Any CPU
		{6C453AD2-DF40-458A-AC4B-059B005A4834}.Debug|x86.ActiveCfg = Debug|Any CPU
		{6C453AD2-DF40-458A-AC4B-059B005A4834}.Debug|x86.Build.0 = Debug|Any CPU
		{6C453AD2-DF40-458A-AC4B-059B005A4834}.Release|Any CPU.ActiveCfg = Release|Any CPU
		{6C453AD2-DF40-458A-AC4B-059B005A4834}.Release|Any CPU.Build.0 = Release|Any CPU
		{6C453AD2-DF40-458A-AC4B-059B005A4834}.Release|x64.ActiveCfg = Release|Any CPU
		{6C453AD2-DF40-458A-AC4B-059B005A4834}.Release|x64.Build.0 = Release|Any CPU
		{6C453AD2-DF40-458A-AC4B-059B005A4834}.Release|x86.ActiveCfg = Release|Any CPU
		{6C453AD2-DF40-458A-AC4B-059B005A4834}.Release|x86.Build.0 = Release|Any CPU
		{44555887-C439-470C-944D-8866EC3D7067}.Debug|Any CPU.ActiveCfg = Debug|Any CPU
		{44555887-C439-470C-944D-8866EC3D7067}.Debug|x64.ActiveCfg = Debug|Any CPU
		{44555887-C439-470C-944D-8866EC3D7067}.Debug|x64.Build.0 = Debug|Any CPU
		{44555887-C439-470C-944D-8866EC3D7067}.Debug|x86.ActiveCfg = Debug|Any CPU
		{44555887-C439-470C-944D-8866EC3D7067}.Debug|x86.Build.0 = Debug|Any CPU
		{44555887-C439-470C-944D-8866EC3D7067}.Release|Any CPU.ActiveCfg = Release|Any CPU
		{44555887-C439-470C-944D-8866EC3D7067}.Release|Any CPU.Build.0 = Release|Any CPU
		{44555887-C439-470C-944D-8866EC3D7067}.Release|x64.ActiveCfg = Release|Any CPU
		{44555887-C439-470C-944D-8866EC3D7067}.Release|x64.Build.0 = Release|Any CPU
		{44555887-C439-470C-944D-8866EC3D7067}.Release|x86.ActiveCfg = Release|Any CPU
		{44555887-C439-470C-944D-8866EC3D7067}.Release|x86.Build.0 = Release|Any CPU
		{8EA6219C-3A2B-4D2E-9705-ACB018D4C8ED}.Debug|Any CPU.ActiveCfg = Debug|Any CPU
		{8EA6219C-3A2B-4D2E-9705-ACB018D4C8ED}.Debug|Any CPU.Build.0 = Debug|Any CPU
		{8EA6219C-3A2B-4D2E-9705-ACB018D4C8ED}.Debug|x64.ActiveCfg = Debug|Any CPU
		{8EA6219C-3A2B-4D2E-9705-ACB018D4C8ED}.Debug|x64.Build.0 = Debug|Any CPU
		{8EA6219C-3A2B-4D2E-9705-ACB018D4C8ED}.Debug|x86.ActiveCfg = Debug|Any CPU
		{8EA6219C-3A2B-4D2E-9705-ACB018D4C8ED}.Debug|x86.Build.0 = Debug|Any CPU
		{8EA6219C-3A2B-4D2E-9705-ACB018D4C8ED}.Release|Any CPU.ActiveCfg = Release|Any CPU
		{8EA6219C-3A2B-4D2E-9705-ACB018D4C8ED}.Release|Any CPU.Build.0 = Release|Any CPU
		{8EA6219C-3A2B-4D2E-9705-ACB018D4C8ED}.Release|x64.ActiveCfg = Release|Any CPU
		{8EA6219C-3A2B-4D2E-9705-ACB018D4C8ED}.Release|x64.Build.0 = Release|Any CPU
		{8EA6219C-3A2B-4D2E-9705-ACB018D4C8ED}.Release|x86.ActiveCfg = Release|Any CPU
		{8EA6219C-3A2B-4D2E-9705-ACB018D4C8ED}.Release|x86.Build.0 = Release|Any CPU
		{69CCAFA7-0EE6-4260-BA09-E1D1BFD510D2}.Debug|Any CPU.ActiveCfg = Debug|Any CPU
		{69CCAFA7-0EE6-4260-BA09-E1D1BFD510D2}.Debug|Any CPU.Build.0 = Debug|Any CPU
		{69CCAFA7-0EE6-4260-BA09-E1D1BFD510D2}.Debug|x64.ActiveCfg = Debug|Any CPU
		{69CCAFA7-0EE6-4260-BA09-E1D1BFD510D2}.Debug|x64.Build.0 = Debug|Any CPU
		{69CCAFA7-0EE6-4260-BA09-E1D1BFD510D2}.Debug|x86.ActiveCfg = Debug|Any CPU
		{69CCAFA7-0EE6-4260-BA09-E1D1BFD510D2}.Debug|x86.Build.0 = Debug|Any CPU
		{69CCAFA7-0EE6-4260-BA09-E1D1BFD510D2}.Release|Any CPU.ActiveCfg = Release|Any CPU
		{69CCAFA7-0EE6-4260-BA09-E1D1BFD510D2}.Release|Any CPU.Build.0 = Release|Any CPU
		{69CCAFA7-0EE6-4260-BA09-E1D1BFD510D2}.Release|x64.ActiveCfg = Release|Any CPU
		{69CCAFA7-0EE6-4260-BA09-E1D1BFD510D2}.Release|x64.Build.0 = Release|Any CPU
		{69CCAFA7-0EE6-4260-BA09-E1D1BFD510D2}.Release|x86.ActiveCfg = Release|Any CPU
		{69CCAFA7-0EE6-4260-BA09-E1D1BFD510D2}.Release|x86.Build.0 = Release|Any CPU
		{A17FAFBD-D442-4B96-8DF1-7AB03ED3ED54}.Debug|Any CPU.ActiveCfg = Debug|Any CPU
		{A17FAFBD-D442-4B96-8DF1-7AB03ED3ED54}.Debug|x64.ActiveCfg = Debug|Any CPU
		{A17FAFBD-D442-4B96-8DF1-7AB03ED3ED54}.Debug|x64.Build.0 = Debug|Any CPU
		{A17FAFBD-D442-4B96-8DF1-7AB03ED3ED54}.Debug|x86.ActiveCfg = Debug|Any CPU
		{A17FAFBD-D442-4B96-8DF1-7AB03ED3ED54}.Debug|x86.Build.0 = Debug|Any CPU
		{A17FAFBD-D442-4B96-8DF1-7AB03ED3ED54}.Release|Any CPU.ActiveCfg = Release|Any CPU
		{A17FAFBD-D442-4B96-8DF1-7AB03ED3ED54}.Release|Any CPU.Build.0 = Release|Any CPU
		{A17FAFBD-D442-4B96-8DF1-7AB03ED3ED54}.Release|x64.ActiveCfg = Release|Any CPU
		{A17FAFBD-D442-4B96-8DF1-7AB03ED3ED54}.Release|x64.Build.0 = Release|Any CPU
		{A17FAFBD-D442-4B96-8DF1-7AB03ED3ED54}.Release|x86.ActiveCfg = Release|Any CPU
		{A17FAFBD-D442-4B96-8DF1-7AB03ED3ED54}.Release|x86.Build.0 = Release|Any CPU
	EndGlobalSection
	GlobalSection(SolutionProperties) = preSolution
		HideSolutionNode = FALSE
	EndGlobalSection
	GlobalSection(NestedProjects) = preSolution
		{1698522A-4E91-4B2E-A688-E1693021AFDE} = {4AB0291F-E60C-4168-9968-52BCD2369A65}
		{F6FEB52F-E2AB-4517-8161-D22DE634F926} = {1698522A-4E91-4B2E-A688-E1693021AFDE}
		{3D72B542-2480-4547-9F1F-AFEB02985684} = {1698522A-4E91-4B2E-A688-E1693021AFDE}
		{18205D90-CAF5-4A13-B186-540F21221682} = {4AB0291F-E60C-4168-9968-52BCD2369A65}
		{0CA63673-53D5-4988-8596-F0E6BE2C7716} = {4AB0291F-E60C-4168-9968-52BCD2369A65}
		{B214DFB9-448C-477B-A173-F1E29939271D} = {4AB0291F-E60C-4168-9968-52BCD2369A65}
		{6C453AD2-DF40-458A-AC4B-059B005A4834} = {4AB0291F-E60C-4168-9968-52BCD2369A65}
		{44555887-C439-470C-944D-8866EC3D7067} = {4AB0291F-E60C-4168-9968-52BCD2369A65}
		{8EA6219C-3A2B-4D2E-9705-ACB018D4C8ED} = {43F09060-A65A-4B48-B7E0-18CD8429A236}
		{69CCAFA7-0EE6-4260-BA09-E1D1BFD510D2} = {17B86A6B-C865-4931-8154-E2CCB28DCC5F}
		{A17FAFBD-D442-4B96-8DF1-7AB03ED3ED54} = {4AB0291F-E60C-4168-9968-52BCD2369A65}
	EndGlobalSection
	GlobalSection(ExtensibilityGlobals) = postSolution
		SolutionGuid = {2A0F319B-C7F0-4746-B7C8-D9A461005AEF}
	EndGlobalSection
EndGlobal
