
Microsoft Visual Studio Solution File, Format Version 12.00
# Visual Studio 15
VisualStudioVersion = 15.0.26430.15
MinimumVisualStudioVersion = 10.0.40219.1
Project("{2150E333-8FDC-42A3-9474-1A3956D46DE8}") = "Solution Items", "Solution Items", "{660406F8-9991-484F-B375-04BD0B3FF917}"
	ProjectSection(SolutionItems) = preProject
		..\appveyor.yml = ..\appveyor.yml
		..\GitHubReleaseManager.yaml = ..\GitHubReleaseManager.yaml
		..\GitVersion.yml = ..\GitVersion.yml
		..\README.md = ..\README.md
	EndProjectSection
EndProject
Project("{2150E333-8FDC-42A3-9474-1A3956D46DE8}") = "src", "src", "{4AB0291F-E60C-4168-9968-52BCD2369A65}"
EndProject
Project("{2150E333-8FDC-42A3-9474-1A3956D46DE8}") = "tests", "tests", "{43F09060-A65A-4B48-B7E0-18CD8429A236}"
EndProject
Project("{2150E333-8FDC-42A3-9474-1A3956D46DE8}") = "BuildScripts", "BuildScripts", "{33E4119A-11EF-4DF0-BAD1-8B4A27AFE5E2}"
	ProjectSection(SolutionItems) = preProject
		..\BuildScripts\build.ps1 = ..\BuildScripts\build.ps1
		..\BuildScripts\default.ps1 = ..\BuildScripts\default.ps1
		dupfinder.config = dupfinder.config
	EndProjectSection
EndProject
Project("{2150E333-8FDC-42A3-9474-1A3956D46DE8}") = "Tools", "Tools", "{3740D580-5151-4A42-8CB9-693E2E3C28DB}"
EndProject
Project("{2150E333-8FDC-42A3-9474-1A3956D46DE8}") = "psake", "psake", "{F6BEB2CB-5B5B-4F36-BCB4-A282DAF8F092}"
	ProjectSection(SolutionItems) = preProject
		Tools\psake\psake.ps1 = Tools\psake\psake.ps1
		Tools\psake\psake.psm1 = Tools\psake\psake.psm1
	EndProjectSection
EndProject
Project("{2150E333-8FDC-42A3-9474-1A3956D46DE8}") = "NuGet", "NuGet", "{8A9A8308-E19B-4ACD-A0E0-1E3C4A2E7576}"
	ProjectSection(SolutionItems) = preProject
		Tools\NuGet\NuGet.exe = Tools\NuGet\NuGet.exe
	EndProjectSection
EndProject
Project("{FAE04EC0-301F-11D3-BF4B-00C04F79EFBC}") = "Abp.Topshelf", "Abp.Topshelf\Abp.Topshelf.csproj", "{A93727B4-3CD2-4CED-A3E4-6BD3C950173E}"
EndProject
Project("{FAE04EC0-301F-11D3-BF4B-00C04F79EFBC}") = "Installer", "Installer\Installer.csproj", "{C26EC769-9729-452C-84D1-363C8B72F90F}"
EndProject
Project("{FAE04EC0-301F-11D3-BF4B-00C04F79EFBC}") = "Service", "Service\Service.csproj", "{FA86143F-7692-4E33-9719-52B5F13E4380}"
EndProject
Project("{FAE04EC0-301F-11D3-BF4B-00C04F79EFBC}") = "Core", "Core\Core.csproj", "{6981655A-0373-4F38-A3AE-4A7262FA7150}"
EndProject
Project("{FAE04EC0-301F-11D3-BF4B-00C04F79EFBC}") = "Console", "Console\Console.csproj", "{3BD99F52-5681-471B-9F33-52840BD1A2A2}"
EndProject
Project("{FAE04EC0-301F-11D3-BF4B-00C04F79EFBC}") = "LicenseMonitoringSystem.Tests", "..\tests\LicenseMonitoringSystem.Tests\LicenseMonitoringSystem.Tests.csproj", "{10460D58-DF4F-4944-AC01-FE20D0A92CD8}"
EndProject
Project("{2150E333-8FDC-42A3-9474-1A3956D46DE8}") = ".nuget", ".nuget", "{5409286F-26C9-4B0C-AC0E-78F63AAA1B65}"
	ProjectSection(SolutionItems) = preProject
		..\.nuget\NuGet.Config = ..\.nuget\NuGet.Config
		..\.nuget\NuGet.exe = ..\.nuget\NuGet.exe
		..\.nuget\NuGet.targets = ..\.nuget\NuGet.targets
	EndProjectSection
EndProject
Project("{2150E333-8FDC-42A3-9474-1A3956D46DE8}") = "Resources", "Resources", "{A27E2EAC-686E-47E8-917A-4714D32FB610}"
EndProject
Project("{2150E333-8FDC-42A3-9474-1A3956D46DE8}") = "DotNetFramework", "DotNetFramework", "{8885ECDF-9443-4DB0-8EC7-F7A192DACE8A}"
	ProjectSection(SolutionItems) = preProject
		Resources\DotNetFramework\NDP452-KB2901907-x86-x64-AllOS-ENU.exe = Resources\DotNetFramework\NDP452-KB2901907-x86-x64-AllOS-ENU.exe
	EndProjectSection
EndProject
Global
	GlobalSection(SolutionConfigurationPlatforms) = preSolution
		Debug|Any CPU = Debug|Any CPU
		Debug|x64 = Debug|x64
		Debug|x86 = Debug|x86
		Release|Any CPU = Release|Any CPU
		Release|x64 = Release|x64
		Release|x86 = Release|x86
	EndGlobalSection
	GlobalSection(ProjectConfigurationPlatforms) = postSolution
		{A93727B4-3CD2-4CED-A3E4-6BD3C950173E}.Debug|Any CPU.ActiveCfg = Debug|Any CPU
		{A93727B4-3CD2-4CED-A3E4-6BD3C950173E}.Debug|Any CPU.Build.0 = Debug|Any CPU
		{A93727B4-3CD2-4CED-A3E4-6BD3C950173E}.Debug|x64.ActiveCfg = Debug|Any CPU
		{A93727B4-3CD2-4CED-A3E4-6BD3C950173E}.Debug|x64.Build.0 = Debug|Any CPU
		{A93727B4-3CD2-4CED-A3E4-6BD3C950173E}.Debug|x86.ActiveCfg = Debug|Any CPU
		{A93727B4-3CD2-4CED-A3E4-6BD3C950173E}.Debug|x86.Build.0 = Debug|Any CPU
		{A93727B4-3CD2-4CED-A3E4-6BD3C950173E}.Release|Any CPU.ActiveCfg = Release|Any CPU
		{A93727B4-3CD2-4CED-A3E4-6BD3C950173E}.Release|Any CPU.Build.0 = Release|Any CPU
		{A93727B4-3CD2-4CED-A3E4-6BD3C950173E}.Release|x64.ActiveCfg = Release|Any CPU
		{A93727B4-3CD2-4CED-A3E4-6BD3C950173E}.Release|x64.Build.0 = Release|Any CPU
		{A93727B4-3CD2-4CED-A3E4-6BD3C950173E}.Release|x86.ActiveCfg = Release|Any CPU
		{A93727B4-3CD2-4CED-A3E4-6BD3C950173E}.Release|x86.Build.0 = Release|Any CPU
		{C26EC769-9729-452C-84D1-363C8B72F90F}.Debug|Any CPU.ActiveCfg = Debug|Any CPU
		{C26EC769-9729-452C-84D1-363C8B72F90F}.Debug|Any CPU.Build.0 = Debug|Any CPU
		{C26EC769-9729-452C-84D1-363C8B72F90F}.Debug|x64.ActiveCfg = Debug|Any CPU
		{C26EC769-9729-452C-84D1-363C8B72F90F}.Debug|x64.Build.0 = Debug|Any CPU
		{C26EC769-9729-452C-84D1-363C8B72F90F}.Debug|x86.ActiveCfg = Debug|Any CPU
		{C26EC769-9729-452C-84D1-363C8B72F90F}.Debug|x86.Build.0 = Debug|Any CPU
		{C26EC769-9729-452C-84D1-363C8B72F90F}.Release|Any CPU.ActiveCfg = Release|Any CPU
		{C26EC769-9729-452C-84D1-363C8B72F90F}.Release|Any CPU.Build.0 = Release|Any CPU
		{C26EC769-9729-452C-84D1-363C8B72F90F}.Release|x64.ActiveCfg = Release|Any CPU
		{C26EC769-9729-452C-84D1-363C8B72F90F}.Release|x64.Build.0 = Release|Any CPU
		{C26EC769-9729-452C-84D1-363C8B72F90F}.Release|x86.ActiveCfg = Release|Any CPU
		{C26EC769-9729-452C-84D1-363C8B72F90F}.Release|x86.Build.0 = Release|Any CPU
		{FA86143F-7692-4E33-9719-52B5F13E4380}.Debug|Any CPU.ActiveCfg = Debug|Any CPU
		{FA86143F-7692-4E33-9719-52B5F13E4380}.Debug|Any CPU.Build.0 = Debug|Any CPU
		{FA86143F-7692-4E33-9719-52B5F13E4380}.Debug|x64.ActiveCfg = Debug|Any CPU
		{FA86143F-7692-4E33-9719-52B5F13E4380}.Debug|x64.Build.0 = Debug|Any CPU
		{FA86143F-7692-4E33-9719-52B5F13E4380}.Debug|x86.ActiveCfg = Debug|Any CPU
		{FA86143F-7692-4E33-9719-52B5F13E4380}.Debug|x86.Build.0 = Debug|Any CPU
		{FA86143F-7692-4E33-9719-52B5F13E4380}.Release|Any CPU.ActiveCfg = Release|Any CPU
		{FA86143F-7692-4E33-9719-52B5F13E4380}.Release|Any CPU.Build.0 = Release|Any CPU
		{FA86143F-7692-4E33-9719-52B5F13E4380}.Release|x64.ActiveCfg = Release|Any CPU
		{FA86143F-7692-4E33-9719-52B5F13E4380}.Release|x64.Build.0 = Release|Any CPU
		{FA86143F-7692-4E33-9719-52B5F13E4380}.Release|x86.ActiveCfg = Release|Any CPU
		{FA86143F-7692-4E33-9719-52B5F13E4380}.Release|x86.Build.0 = Release|Any CPU
		{6981655A-0373-4F38-A3AE-4A7262FA7150}.Debug|Any CPU.ActiveCfg = Debug|Any CPU
		{6981655A-0373-4F38-A3AE-4A7262FA7150}.Debug|Any CPU.Build.0 = Debug|Any CPU
		{6981655A-0373-4F38-A3AE-4A7262FA7150}.Debug|x64.ActiveCfg = Debug|Any CPU
		{6981655A-0373-4F38-A3AE-4A7262FA7150}.Debug|x64.Build.0 = Debug|Any CPU
		{6981655A-0373-4F38-A3AE-4A7262FA7150}.Debug|x86.ActiveCfg = Debug|Any CPU
		{6981655A-0373-4F38-A3AE-4A7262FA7150}.Debug|x86.Build.0 = Debug|Any CPU
		{6981655A-0373-4F38-A3AE-4A7262FA7150}.Release|Any CPU.ActiveCfg = Release|Any CPU
		{6981655A-0373-4F38-A3AE-4A7262FA7150}.Release|Any CPU.Build.0 = Release|Any CPU
		{6981655A-0373-4F38-A3AE-4A7262FA7150}.Release|x64.ActiveCfg = Release|Any CPU
		{6981655A-0373-4F38-A3AE-4A7262FA7150}.Release|x64.Build.0 = Release|Any CPU
		{6981655A-0373-4F38-A3AE-4A7262FA7150}.Release|x86.ActiveCfg = Release|Any CPU
		{6981655A-0373-4F38-A3AE-4A7262FA7150}.Release|x86.Build.0 = Release|Any CPU
		{3BD99F52-5681-471B-9F33-52840BD1A2A2}.Debug|Any CPU.ActiveCfg = Debug|Any CPU
		{3BD99F52-5681-471B-9F33-52840BD1A2A2}.Debug|Any CPU.Build.0 = Debug|Any CPU
		{3BD99F52-5681-471B-9F33-52840BD1A2A2}.Debug|x64.ActiveCfg = Debug|Any CPU
		{3BD99F52-5681-471B-9F33-52840BD1A2A2}.Debug|x64.Build.0 = Debug|Any CPU
		{3BD99F52-5681-471B-9F33-52840BD1A2A2}.Debug|x86.ActiveCfg = Debug|Any CPU
		{3BD99F52-5681-471B-9F33-52840BD1A2A2}.Debug|x86.Build.0 = Debug|Any CPU
		{3BD99F52-5681-471B-9F33-52840BD1A2A2}.Release|Any CPU.ActiveCfg = Release|Any CPU
		{3BD99F52-5681-471B-9F33-52840BD1A2A2}.Release|Any CPU.Build.0 = Release|Any CPU
		{3BD99F52-5681-471B-9F33-52840BD1A2A2}.Release|x64.ActiveCfg = Release|Any CPU
		{3BD99F52-5681-471B-9F33-52840BD1A2A2}.Release|x64.Build.0 = Release|Any CPU
		{3BD99F52-5681-471B-9F33-52840BD1A2A2}.Release|x86.ActiveCfg = Release|Any CPU
		{3BD99F52-5681-471B-9F33-52840BD1A2A2}.Release|x86.Build.0 = Release|Any CPU
		{10460D58-DF4F-4944-AC01-FE20D0A92CD8}.Debug|Any CPU.ActiveCfg = Debug|Any CPU
		{10460D58-DF4F-4944-AC01-FE20D0A92CD8}.Debug|Any CPU.Build.0 = Debug|Any CPU
		{10460D58-DF4F-4944-AC01-FE20D0A92CD8}.Debug|x64.ActiveCfg = Debug|Any CPU
		{10460D58-DF4F-4944-AC01-FE20D0A92CD8}.Debug|x64.Build.0 = Debug|Any CPU
		{10460D58-DF4F-4944-AC01-FE20D0A92CD8}.Debug|x86.ActiveCfg = Debug|Any CPU
		{10460D58-DF4F-4944-AC01-FE20D0A92CD8}.Debug|x86.Build.0 = Debug|Any CPU
		{10460D58-DF4F-4944-AC01-FE20D0A92CD8}.Release|Any CPU.ActiveCfg = Release|Any CPU
		{10460D58-DF4F-4944-AC01-FE20D0A92CD8}.Release|Any CPU.Build.0 = Release|Any CPU
		{10460D58-DF4F-4944-AC01-FE20D0A92CD8}.Release|x64.ActiveCfg = Release|Any CPU
		{10460D58-DF4F-4944-AC01-FE20D0A92CD8}.Release|x64.Build.0 = Release|Any CPU
		{10460D58-DF4F-4944-AC01-FE20D0A92CD8}.Release|x86.ActiveCfg = Release|Any CPU
		{10460D58-DF4F-4944-AC01-FE20D0A92CD8}.Release|x86.Build.0 = Release|Any CPU
	EndGlobalSection
	GlobalSection(SolutionProperties) = preSolution
		HideSolutionNode = FALSE
	EndGlobalSection
	GlobalSection(NestedProjects) = preSolution
		{F6BEB2CB-5B5B-4F36-BCB4-A282DAF8F092} = {3740D580-5151-4A42-8CB9-693E2E3C28DB}
		{8A9A8308-E19B-4ACD-A0E0-1E3C4A2E7576} = {3740D580-5151-4A42-8CB9-693E2E3C28DB}
		{A93727B4-3CD2-4CED-A3E4-6BD3C950173E} = {4AB0291F-E60C-4168-9968-52BCD2369A65}
		{C26EC769-9729-452C-84D1-363C8B72F90F} = {4AB0291F-E60C-4168-9968-52BCD2369A65}
		{FA86143F-7692-4E33-9719-52B5F13E4380} = {4AB0291F-E60C-4168-9968-52BCD2369A65}
		{6981655A-0373-4F38-A3AE-4A7262FA7150} = {4AB0291F-E60C-4168-9968-52BCD2369A65}
		{3BD99F52-5681-471B-9F33-52840BD1A2A2} = {4AB0291F-E60C-4168-9968-52BCD2369A65}
		{10460D58-DF4F-4944-AC01-FE20D0A92CD8} = {43F09060-A65A-4B48-B7E0-18CD8429A236}
		{A27E2EAC-686E-47E8-917A-4714D32FB610} = {4AB0291F-E60C-4168-9968-52BCD2369A65}
		{8885ECDF-9443-4DB0-8EC7-F7A192DACE8A} = {A27E2EAC-686E-47E8-917A-4714D32FB610}
	EndGlobalSection
EndGlobal
