
Microsoft Visual Studio Solution File, Format Version 12.00
# Visual Studio 15
VisualStudioVersion = 15.0.27019.1
MinimumVisualStudioVersion = 10.0.40219.1
Project("{2150E333-8FDC-42A3-9474-1A3956D46DE8}") = "Solution Items", "Solution Items", "{660406F8-9991-484F-B375-04BD0B3FF917}"
	ProjectSection(SolutionItems) = preProject
		..\.gitignore = ..\.gitignore
		..\appveyor.yml = ..\appveyor.yml
		..\build.ps1 = ..\build.ps1
		..\CHANGELOG.md = ..\CHANGELOG.md
		..\GitHubReleaseManager.yaml = ..\GitHubReleaseManager.yaml
		..\GitVersion.yml = ..\GitVersion.yml
		..\README.md = ..\README.md
		..\ReleaseNotes.md = ..\ReleaseNotes.md
		..\setup.cake = ..\setup.cake
	EndProjectSection
EndProject
Project("{2150E333-8FDC-42A3-9474-1A3956D46DE8}") = "src", "src", "{4AB0291F-E60C-4168-9968-52BCD2369A65}"
	ProjectSection(SolutionItems) = preProject
		SolutionInfo.cs = SolutionInfo.cs
	EndProjectSection
EndProject
Project("{2150E333-8FDC-42A3-9474-1A3956D46DE8}") = "tests", "tests", "{43F09060-A65A-4B48-B7E0-18CD8429A236}"
EndProject
Project("{2150E333-8FDC-42A3-9474-1A3956D46DE8}") = ".nuget", ".nuget", "{5409286F-26C9-4B0C-AC0E-78F63AAA1B65}"
	ProjectSection(SolutionItems) = preProject
		..\.nuget\NuGet.Config = ..\.nuget\NuGet.Config
		..\.nuget\NuGet.exe = ..\.nuget\NuGet.exe
		..\.nuget\NuGet.targets = ..\.nuget\NuGet.targets
	EndProjectSection
EndProject
Project("{2150E333-8FDC-42A3-9474-1A3956D46DE8}") = "tools", "tools", "{17B86A6B-C865-4931-8154-E2CCB28DCC5F}"
	ProjectSection(SolutionItems) = preProject
		..\tools\packages.config = ..\tools\packages.config
		..\tools\SolutionInfo.cs = ..\tools\SolutionInfo.cs
	EndProjectSection
EndProject
Project("{2150E333-8FDC-42A3-9474-1A3956D46DE8}") = "Cake.Recipe", "Cake.Recipe", "{E43417AF-F94B-42A0-804B-B57E803C6B88}"
EndProject
Project("{2150E333-8FDC-42A3-9474-1A3956D46DE8}") = "Content", "Content", "{3CC05D32-AC5D-4323-B28A-8BAC6AA5462F}"
	ProjectSection(SolutionItems) = preProject
		..\tools\Cake.Recipe\Content\addins.cake = ..\tools\Cake.Recipe\Content\addins.cake
		..\tools\Cake.Recipe\Content\analyzing.cake = ..\tools\Cake.Recipe\Content\analyzing.cake
		..\tools\Cake.Recipe\Content\appveyor.cake = ..\tools\Cake.Recipe\Content\appveyor.cake
		..\tools\Cake.Recipe\Content\build.cake = ..\tools\Cake.Recipe\Content\build.cake
		..\tools\Cake.Recipe\Content\chocolatey.cake = ..\tools\Cake.Recipe\Content\chocolatey.cake
		..\tools\Cake.Recipe\Content\codecov.cake = ..\tools\Cake.Recipe\Content\codecov.cake
		..\tools\Cake.Recipe\Content\coveralls.cake = ..\tools\Cake.Recipe\Content\coveralls.cake
		..\tools\Cake.Recipe\Content\credentials.cake = ..\tools\Cake.Recipe\Content\credentials.cake
		..\tools\Cake.Recipe\Content\environment.cake = ..\tools\Cake.Recipe\Content\environment.cake
		..\tools\Cake.Recipe\Content\gitlink.cake = ..\tools\Cake.Recipe\Content\gitlink.cake
		..\tools\Cake.Recipe\Content\gitreleasemanager.cake = ..\tools\Cake.Recipe\Content\gitreleasemanager.cake
		..\tools\Cake.Recipe\Content\gitter.cake = ..\tools\Cake.Recipe\Content\gitter.cake
		..\tools\Cake.Recipe\Content\gitversion.cake = ..\tools\Cake.Recipe\Content\gitversion.cake
		..\tools\Cake.Recipe\Content\microsoftteams.cake = ..\tools\Cake.Recipe\Content\microsoftteams.cake
		..\tools\Cake.Recipe\Content\nuget.cake = ..\tools\Cake.Recipe\Content\nuget.cake
		..\tools\Cake.Recipe\Content\packages.cake = ..\tools\Cake.Recipe\Content\packages.cake
		..\tools\Cake.Recipe\Content\parameters.cake = ..\tools\Cake.Recipe\Content\parameters.cake
		..\tools\Cake.Recipe\Content\paths.cake = ..\tools\Cake.Recipe\Content\paths.cake
		..\tools\Cake.Recipe\Content\slack.cake = ..\tools\Cake.Recipe\Content\slack.cake
		..\tools\Cake.Recipe\Content\tasks.cake = ..\tools\Cake.Recipe\Content\tasks.cake
		..\tools\Cake.Recipe\Content\testing.cake = ..\tools\Cake.Recipe\Content\testing.cake
		..\tools\Cake.Recipe\Content\tools.cake = ..\tools\Cake.Recipe\Content\tools.cake
		..\tools\Cake.Recipe\Content\toolsettings.cake = ..\tools\Cake.Recipe\Content\toolsettings.cake
		..\tools\Cake.Recipe\Content\twitter.cake = ..\tools\Cake.Recipe\Content\twitter.cake
		..\tools\Cake.Recipe\Content\wyam.cake = ..\tools\Cake.Recipe\Content\wyam.cake
	EndProjectSection
EndProject
Project("{FAE04EC0-301F-11D3-BF4B-00C04F79EFBC}") = "Installer", "Installer\Installer.csproj", "{C26EC769-9729-452C-84D1-363C8B72F90F}"
EndProject
Project("{FAE04EC0-301F-11D3-BF4B-00C04F79EFBC}") = "Service", "Service\Service.csproj", "{FA86143F-7692-4E33-9719-52B5F13E4380}"
EndProject
Project("{FAE04EC0-301F-11D3-BF4B-00C04F79EFBC}") = "Core", "Core\Core.csproj", "{6981655A-0373-4F38-A3AE-4A7262FA7150}"
EndProject
Project("{FAE04EC0-301F-11D3-BF4B-00C04F79EFBC}") = "Console", "Console\Console.csproj", "{3BD99F52-5681-471B-9F33-52840BD1A2A2}"
EndProject
Project("{FAE04EC0-301F-11D3-BF4B-00C04F79EFBC}") = "LicenseMonitoringSystem.Tests", "..\tests\LicenseMonitoringSystem.Tests\LicenseMonitoringSystem.Tests.csproj", "{10460D58-DF4F-4944-AC01-FE20D0A92CD8}"
EndProject
Project("{FAE04EC0-301F-11D3-BF4B-00C04F79EFBC}") = "ServiceTimer", "ServiceTimer\ServiceTimer.csproj", "{367E10A2-7084-4DB3-B02B-9C80C13242DB}"
EndProject
Project("{2150E333-8FDC-42A3-9474-1A3956D46DE8}") = "Resources", "Resources", "{1698522A-4E91-4B2E-A688-E1693021AFDE}"
EndProject
Project("{2150E333-8FDC-42A3-9474-1A3956D46DE8}") = "DotNetFramework", "DotNetFramework", "{F6FEB52F-E2AB-4517-8161-D22DE634F926}"
	ProjectSection(SolutionItems) = preProject
		Resources\DotNetFramework\NDP452-KB2901907-x86-x64-AllOS-ENU.exe = Resources\DotNetFramework\NDP452-KB2901907-x86-x64-AllOS-ENU.exe
	EndProjectSection
EndProject
Project("{2150E333-8FDC-42A3-9474-1A3956D46DE8}") = "SQLCompact", "SQLCompact", "{3D72B542-2480-4547-9F1F-AFEB02985684}"
	ProjectSection(SolutionItems) = preProject
		Resources\SQLCompact\SSCERuntime_x64-ENU.exe = Resources\SQLCompact\SSCERuntime_x64-ENU.exe
		Resources\SQLCompact\SSCERuntime_x86-ENU.exe = Resources\SQLCompact\SSCERuntime_x86-ENU.exe
	EndProjectSection
EndProject
Project("{FAE04EC0-301F-11D3-BF4B-00C04F79EFBC}") = "Deploy", "..\tools\Deploy\Deploy\Deploy.csproj", "{1D97235A-A454-4181-BF4B-CFA3C3FFAEEE}"
EndProject
Project("{FAE04EC0-301F-11D3-BF4B-00C04F79EFBC}") = "Octokit", "..\tools\Octokit\Octokit.csproj", "{9D523842-D4CB-498A-A7EE-40A24E030E97}"
EndProject
Global
	GlobalSection(SolutionConfigurationPlatforms) = preSolution
		Debug|Any CPU = Debug|Any CPU
		Debug|x64 = Debug|x64
		Debug|x86 = Debug|x86
		Release|Any CPU = Release|Any CPU
		Release|x64 = Release|x64
		Release|x86 = Release|x86
	EndGlobalSection
	GlobalSection(ProjectConfigurationPlatforms) = postSolution
		{C26EC769-9729-452C-84D1-363C8B72F90F}.Debug|Any CPU.ActiveCfg = Debug|Any CPU
		{C26EC769-9729-452C-84D1-363C8B72F90F}.Debug|Any CPU.Build.0 = Debug|Any CPU
		{C26EC769-9729-452C-84D1-363C8B72F90F}.Debug|x64.ActiveCfg = Debug|Any CPU
		{C26EC769-9729-452C-84D1-363C8B72F90F}.Debug|x64.Build.0 = Debug|Any CPU
		{C26EC769-9729-452C-84D1-363C8B72F90F}.Debug|x86.ActiveCfg = Debug|Any CPU
		{C26EC769-9729-452C-84D1-363C8B72F90F}.Debug|x86.Build.0 = Debug|Any CPU
		{C26EC769-9729-452C-84D1-363C8B72F90F}.Release|Any CPU.ActiveCfg = Release|Any CPU
		{C26EC769-9729-452C-84D1-363C8B72F90F}.Release|Any CPU.Build.0 = Release|Any CPU
		{C26EC769-9729-452C-84D1-363C8B72F90F}.Release|x64.ActiveCfg = Release|Any CPU
		{C26EC769-9729-452C-84D1-363C8B72F90F}.Release|x64.Build.0 = Release|Any CPU
		{C26EC769-9729-452C-84D1-363C8B72F90F}.Release|x86.ActiveCfg = Release|Any CPU
		{C26EC769-9729-452C-84D1-363C8B72F90F}.Release|x86.Build.0 = Release|Any CPU
		{FA86143F-7692-4E33-9719-52B5F13E4380}.Debug|Any CPU.ActiveCfg = Debug|Any CPU
		{FA86143F-7692-4E33-9719-52B5F13E4380}.Debug|Any CPU.Build.0 = Debug|Any CPU
		{FA86143F-7692-4E33-9719-52B5F13E4380}.Debug|x64.ActiveCfg = Debug|Any CPU
		{FA86143F-7692-4E33-9719-52B5F13E4380}.Debug|x64.Build.0 = Debug|Any CPU
		{FA86143F-7692-4E33-9719-52B5F13E4380}.Debug|x86.ActiveCfg = Debug|Any CPU
		{FA86143F-7692-4E33-9719-52B5F13E4380}.Debug|x86.Build.0 = Debug|Any CPU
		{FA86143F-7692-4E33-9719-52B5F13E4380}.Release|Any CPU.ActiveCfg = Release|Any CPU
		{FA86143F-7692-4E33-9719-52B5F13E4380}.Release|Any CPU.Build.0 = Release|Any CPU
		{FA86143F-7692-4E33-9719-52B5F13E4380}.Release|x64.ActiveCfg = Release|Any CPU
		{FA86143F-7692-4E33-9719-52B5F13E4380}.Release|x64.Build.0 = Release|Any CPU
		{FA86143F-7692-4E33-9719-52B5F13E4380}.Release|x86.ActiveCfg = Release|Any CPU
		{FA86143F-7692-4E33-9719-52B5F13E4380}.Release|x86.Build.0 = Release|Any CPU
		{6981655A-0373-4F38-A3AE-4A7262FA7150}.Debug|Any CPU.ActiveCfg = Debug|Any CPU
		{6981655A-0373-4F38-A3AE-4A7262FA7150}.Debug|Any CPU.Build.0 = Debug|Any CPU
		{6981655A-0373-4F38-A3AE-4A7262FA7150}.Debug|x64.ActiveCfg = Debug|Any CPU
		{6981655A-0373-4F38-A3AE-4A7262FA7150}.Debug|x64.Build.0 = Debug|Any CPU
		{6981655A-0373-4F38-A3AE-4A7262FA7150}.Debug|x86.ActiveCfg = Debug|Any CPU
		{6981655A-0373-4F38-A3AE-4A7262FA7150}.Debug|x86.Build.0 = Debug|Any CPU
		{6981655A-0373-4F38-A3AE-4A7262FA7150}.Release|Any CPU.ActiveCfg = Release|Any CPU
		{6981655A-0373-4F38-A3AE-4A7262FA7150}.Release|Any CPU.Build.0 = Release|Any CPU
		{6981655A-0373-4F38-A3AE-4A7262FA7150}.Release|x64.ActiveCfg = Release|Any CPU
		{6981655A-0373-4F38-A3AE-4A7262FA7150}.Release|x64.Build.0 = Release|Any CPU
		{6981655A-0373-4F38-A3AE-4A7262FA7150}.Release|x86.ActiveCfg = Release|Any CPU
		{6981655A-0373-4F38-A3AE-4A7262FA7150}.Release|x86.Build.0 = Release|Any CPU
		{3BD99F52-5681-471B-9F33-52840BD1A2A2}.Debug|Any CPU.ActiveCfg = Debug|Any CPU
		{3BD99F52-5681-471B-9F33-52840BD1A2A2}.Debug|Any CPU.Build.0 = Debug|Any CPU
		{3BD99F52-5681-471B-9F33-52840BD1A2A2}.Debug|x64.ActiveCfg = Debug|Any CPU
		{3BD99F52-5681-471B-9F33-52840BD1A2A2}.Debug|x64.Build.0 = Debug|Any CPU
		{3BD99F52-5681-471B-9F33-52840BD1A2A2}.Debug|x86.ActiveCfg = Debug|Any CPU
		{3BD99F52-5681-471B-9F33-52840BD1A2A2}.Debug|x86.Build.0 = Debug|Any CPU
		{3BD99F52-5681-471B-9F33-52840BD1A2A2}.Release|Any CPU.ActiveCfg = Release|Any CPU
		{3BD99F52-5681-471B-9F33-52840BD1A2A2}.Release|Any CPU.Build.0 = Release|Any CPU
		{3BD99F52-5681-471B-9F33-52840BD1A2A2}.Release|x64.ActiveCfg = Release|Any CPU
		{3BD99F52-5681-471B-9F33-52840BD1A2A2}.Release|x64.Build.0 = Release|Any CPU
		{3BD99F52-5681-471B-9F33-52840BD1A2A2}.Release|x86.ActiveCfg = Release|Any CPU
		{3BD99F52-5681-471B-9F33-52840BD1A2A2}.Release|x86.Build.0 = Release|Any CPU
		{10460D58-DF4F-4944-AC01-FE20D0A92CD8}.Debug|Any CPU.ActiveCfg = Debug|Any CPU
		{10460D58-DF4F-4944-AC01-FE20D0A92CD8}.Debug|Any CPU.Build.0 = Debug|Any CPU
		{10460D58-DF4F-4944-AC01-FE20D0A92CD8}.Debug|x64.ActiveCfg = Debug|Any CPU
		{10460D58-DF4F-4944-AC01-FE20D0A92CD8}.Debug|x64.Build.0 = Debug|Any CPU
		{10460D58-DF4F-4944-AC01-FE20D0A92CD8}.Debug|x86.ActiveCfg = Debug|Any CPU
		{10460D58-DF4F-4944-AC01-FE20D0A92CD8}.Debug|x86.Build.0 = Debug|Any CPU
		{10460D58-DF4F-4944-AC01-FE20D0A92CD8}.Release|Any CPU.ActiveCfg = Release|Any CPU
		{10460D58-DF4F-4944-AC01-FE20D0A92CD8}.Release|Any CPU.Build.0 = Release|Any CPU
		{10460D58-DF4F-4944-AC01-FE20D0A92CD8}.Release|x64.ActiveCfg = Release|Any CPU
		{10460D58-DF4F-4944-AC01-FE20D0A92CD8}.Release|x64.Build.0 = Release|Any CPU
		{10460D58-DF4F-4944-AC01-FE20D0A92CD8}.Release|x86.ActiveCfg = Release|Any CPU
		{10460D58-DF4F-4944-AC01-FE20D0A92CD8}.Release|x86.Build.0 = Release|Any CPU
		{367E10A2-7084-4DB3-B02B-9C80C13242DB}.Debug|Any CPU.ActiveCfg = Debug|Any CPU
		{367E10A2-7084-4DB3-B02B-9C80C13242DB}.Debug|Any CPU.Build.0 = Debug|Any CPU
		{367E10A2-7084-4DB3-B02B-9C80C13242DB}.Debug|x64.ActiveCfg = Debug|Any CPU
		{367E10A2-7084-4DB3-B02B-9C80C13242DB}.Debug|x64.Build.0 = Debug|Any CPU
		{367E10A2-7084-4DB3-B02B-9C80C13242DB}.Debug|x86.ActiveCfg = Debug|Any CPU
		{367E10A2-7084-4DB3-B02B-9C80C13242DB}.Debug|x86.Build.0 = Debug|Any CPU
		{367E10A2-7084-4DB3-B02B-9C80C13242DB}.Release|Any CPU.ActiveCfg = Release|Any CPU
		{367E10A2-7084-4DB3-B02B-9C80C13242DB}.Release|Any CPU.Build.0 = Release|Any CPU
		{367E10A2-7084-4DB3-B02B-9C80C13242DB}.Release|x64.ActiveCfg = Release|Any CPU
		{367E10A2-7084-4DB3-B02B-9C80C13242DB}.Release|x64.Build.0 = Release|Any CPU
		{367E10A2-7084-4DB3-B02B-9C80C13242DB}.Release|x86.ActiveCfg = Release|Any CPU
		{367E10A2-7084-4DB3-B02B-9C80C13242DB}.Release|x86.Build.0 = Release|Any CPU
		{1D97235A-A454-4181-BF4B-CFA3C3FFAEEE}.Debug|Any CPU.ActiveCfg = Debug|Any CPU
		{1D97235A-A454-4181-BF4B-CFA3C3FFAEEE}.Debug|Any CPU.Build.0 = Debug|Any CPU
		{1D97235A-A454-4181-BF4B-CFA3C3FFAEEE}.Debug|x64.ActiveCfg = Debug|Any CPU
		{1D97235A-A454-4181-BF4B-CFA3C3FFAEEE}.Debug|x64.Build.0 = Debug|Any CPU
		{1D97235A-A454-4181-BF4B-CFA3C3FFAEEE}.Debug|x86.ActiveCfg = Debug|Any CPU
		{1D97235A-A454-4181-BF4B-CFA3C3FFAEEE}.Debug|x86.Build.0 = Debug|Any CPU
		{1D97235A-A454-4181-BF4B-CFA3C3FFAEEE}.Release|Any CPU.ActiveCfg = Release|Any CPU
		{1D97235A-A454-4181-BF4B-CFA3C3FFAEEE}.Release|Any CPU.Build.0 = Release|Any CPU
		{1D97235A-A454-4181-BF4B-CFA3C3FFAEEE}.Release|x64.ActiveCfg = Release|Any CPU
		{1D97235A-A454-4181-BF4B-CFA3C3FFAEEE}.Release|x64.Build.0 = Release|Any CPU
		{1D97235A-A454-4181-BF4B-CFA3C3FFAEEE}.Release|x86.ActiveCfg = Release|Any CPU
		{1D97235A-A454-4181-BF4B-CFA3C3FFAEEE}.Release|x86.Build.0 = Release|Any CPU
		{9D523842-D4CB-498A-A7EE-40A24E030E97}.Debug|Any CPU.ActiveCfg = Debug|Any CPU
		{9D523842-D4CB-498A-A7EE-40A24E030E97}.Debug|Any CPU.Build.0 = Debug|Any CPU
		{9D523842-D4CB-498A-A7EE-40A24E030E97}.Debug|x64.ActiveCfg = Debug|Any CPU
		{9D523842-D4CB-498A-A7EE-40A24E030E97}.Debug|x64.Build.0 = Debug|Any CPU
		{9D523842-D4CB-498A-A7EE-40A24E030E97}.Debug|x86.ActiveCfg = Debug|Any CPU
		{9D523842-D4CB-498A-A7EE-40A24E030E97}.Debug|x86.Build.0 = Debug|Any CPU
		{9D523842-D4CB-498A-A7EE-40A24E030E97}.Release|Any CPU.ActiveCfg = Release|Any CPU
		{9D523842-D4CB-498A-A7EE-40A24E030E97}.Release|Any CPU.Build.0 = Release|Any CPU
		{9D523842-D4CB-498A-A7EE-40A24E030E97}.Release|x64.ActiveCfg = Release|Any CPU
		{9D523842-D4CB-498A-A7EE-40A24E030E97}.Release|x64.Build.0 = Release|Any CPU
		{9D523842-D4CB-498A-A7EE-40A24E030E97}.Release|x86.ActiveCfg = Release|Any CPU
		{9D523842-D4CB-498A-A7EE-40A24E030E97}.Release|x86.Build.0 = Release|Any CPU
	EndGlobalSection
	GlobalSection(SolutionProperties) = preSolution
		HideSolutionNode = FALSE
	EndGlobalSection
	GlobalSection(NestedProjects) = preSolution
		{E43417AF-F94B-42A0-804B-B57E803C6B88} = {17B86A6B-C865-4931-8154-E2CCB28DCC5F}
		{3CC05D32-AC5D-4323-B28A-8BAC6AA5462F} = {E43417AF-F94B-42A0-804B-B57E803C6B88}
		{C26EC769-9729-452C-84D1-363C8B72F90F} = {4AB0291F-E60C-4168-9968-52BCD2369A65}
		{FA86143F-7692-4E33-9719-52B5F13E4380} = {4AB0291F-E60C-4168-9968-52BCD2369A65}
		{6981655A-0373-4F38-A3AE-4A7262FA7150} = {4AB0291F-E60C-4168-9968-52BCD2369A65}
		{3BD99F52-5681-471B-9F33-52840BD1A2A2} = {4AB0291F-E60C-4168-9968-52BCD2369A65}
		{10460D58-DF4F-4944-AC01-FE20D0A92CD8} = {43F09060-A65A-4B48-B7E0-18CD8429A236}
		{367E10A2-7084-4DB3-B02B-9C80C13242DB} = {4AB0291F-E60C-4168-9968-52BCD2369A65}
		{1698522A-4E91-4B2E-A688-E1693021AFDE} = {4AB0291F-E60C-4168-9968-52BCD2369A65}
		{F6FEB52F-E2AB-4517-8161-D22DE634F926} = {1698522A-4E91-4B2E-A688-E1693021AFDE}
		{3D72B542-2480-4547-9F1F-AFEB02985684} = {1698522A-4E91-4B2E-A688-E1693021AFDE}
		{1D97235A-A454-4181-BF4B-CFA3C3FFAEEE} = {17B86A6B-C865-4931-8154-E2CCB28DCC5F}
		{9D523842-D4CB-498A-A7EE-40A24E030E97} = {17B86A6B-C865-4931-8154-E2CCB28DCC5F}
	EndGlobalSection
	GlobalSection(ExtensibilityGlobals) = postSolution
		SolutionGuid = {2A0F319B-C7F0-4746-B7C8-D9A461005AEF}
	EndGlobalSection
EndGlobal
